# This file is automatically @generated by Cargo.
# It is not intended for manual editing.
version = 4

[[package]]
name = "hypercli"
version = "0.1.0"

[[package]]
name = "hypercore"
version = "0.1.0"

[[package]]
name = "hyperdaemon"
version = "0.1.0"

[[package]]
name = "hyperproto"
version = "0.1.0"

[[package]]
name = "hypersdk"
version = "0.1.0"
